{
  "name": "projet-dataviz",
  "lockfileVersion": 2,
  "requires": true,
  "packages": {
    "": {
      "dependencies": {
        "@lottiefiles/lottie-interactivity": "^1.6.1",
        "fs-js": "^1.0.6"
      },
      "devDependencies": {
        "javascript-state-machine": "^3.1.0"
      }
    },
    "node_modules/@lottiefiles/lottie-interactivity": {
      "version": "1.6.1",
      "resolved": "https://registry.npmjs.org/@lottiefiles/lottie-interactivity/-/lottie-interactivity-1.6.1.tgz",
      "integrity": "sha512-ZQE+1I5nqLPOWgsK0tEeG9RQDfBDBLu2WrWwz2c6+pOvgiYObRR2Z1+16suNStXkGbN5+vKYok8Bw7DZwffVRQ==",
      "dependencies": {
        "core-js": "3"
      }
    },
    "node_modules/core-js": {
      "version": "3.26.0",
      "resolved": "https://registry.npmjs.org/core-js/-/core-js-3.26.0.tgz",
      "integrity": "sha512-+DkDrhoR4Y0PxDz6rurahuB+I45OsEUv8E1maPTB6OuHRohMMcznBq9TMpdpDMm/hUPob/mJJS3PqgbHpMTQgw==",
      "hasInstallScript": true,
      "funding": {
        "type": "opencollective",
        "url": "https://opencollective.com/core-js"
      }
    },
    "node_modules/fs-js": {
      "version": "1.0.6",
      "resolved": "https://registry.npmjs.org/fs-js/-/fs-js-1.0.6.tgz",
      "integrity": "sha512-Y4MPgFBY/6QIFvGzWD/TGbcgFEOfyRfWFRHpGERjmlqe5aHP2inb1M2BiEzITu6rxjDeEkV5bbwkHTjH6BadEA=="
    },
    "node_modules/javascript-state-machine": {
      "version": "3.1.0",
      "resolved": "https://registry.npmjs.org/javascript-state-machine/-/javascript-state-machine-3.1.0.tgz",
      "integrity": "sha512-BwhYxQ1OPenBPXC735RgfB+ZUG8H3kjsx8hrYTgWnoy6TPipEy4fiicyhT2lxRKAXq9pG7CfFT8a2HLr6Hmwxg==",
      "dev": true
    }
  },
  "dependencies": {
    "@lottiefiles/lottie-interactivity": {
      "version": "1.6.1",
      "resolved": "https://registry.npmjs.org/@lottiefiles/lottie-interactivity/-/lottie-interactivity-1.6.1.tgz",
      "integrity": "sha512-ZQE+1I5nqLPOWgsK0tEeG9RQDfBDBLu2WrWwz2c6+pOvgiYObRR2Z1+16suNStXkGbN5+vKYok8Bw7DZwffVRQ==",
      "requires": {
        "core-js": "3"
      }
    },
    "core-js": {
      "version": "3.26.0",
      "resolved": "https://registry.npmjs.org/core-js/-/core-js-3.26.0.tgz",
      "integrity": "sha512-+DkDrhoR4Y0PxDz6rurahuB+I45OsEUv8E1maPTB6OuHRohMMcznBq9TMpdpDMm/hUPob/mJJS3PqgbHpMTQgw=="
    },
    "fs-js": {
      "version": "1.0.6",
      "resolved": "https://registry.npmjs.org/fs-js/-/fs-js-1.0.6.tgz",
      "integrity": "sha512-Y4MPgFBY/6QIFvGzWD/TGbcgFEOfyRfWFRHpGERjmlqe5aHP2inb1M2BiEzITu6rxjDeEkV5bbwkHTjH6BadEA=="
    },
    "javascript-state-machine": {
      "version": "3.1.0",
      "resolved": "https://registry.npmjs.org/javascript-state-machine/-/javascript-state-machine-3.1.0.tgz",
      "integrity": "sha512-BwhYxQ1OPenBPXC735RgfB+ZUG8H3kjsx8hrYTgWnoy6TPipEy4fiicyhT2lxRKAXq9pG7CfFT8a2HLr6Hmwxg==",
      "dev": true
    }
  }
}
