{
  "name": "projet-dataviz",
  "lockfileVersion": 2,
  "requires": true,
  "packages": {
    "": {
      "dependencies": {
        "@lottiefiles/lottie-interactivity": "^1.6.1"
      }
    },
    "node_modules/@lottiefiles/lottie-interactivity": {
      "version": "1.6.1",
      "resolved": "https://registry.npmjs.org/@lottiefiles/lottie-interactivity/-/lottie-interactivity-1.6.1.tgz",
      "integrity": "sha512-ZQE+1I5nqLPOWgsK0tEeG9RQDfBDBLu2WrWwz2c6+pOvgiYObRR2Z1+16suNStXkGbN5+vKYok8Bw7DZwffVRQ==",
      "dependencies": {
        "core-js": "3"
      }
    },
    "node_modules/core-js": {
      "version": "3.26.0",
      "resolved": "https://registry.npmjs.org/core-js/-/core-js-3.26.0.tgz",
      "integrity": "sha512-+DkDrhoR4Y0PxDz6rurahuB+I45OsEUv8E1maPTB6OuHRohMMcznBq9TMpdpDMm/hUPob/mJJS3PqgbHpMTQgw==",
      "hasInstallScript": true,
      "funding": {
        "type": "opencollective",
        "url": "https://opencollective.com/core-js"
      }
    }
  },
  "dependencies": {
    "@lottiefiles/lottie-interactivity": {
      "version": "1.6.1",
      "resolved": "https://registry.npmjs.org/@lottiefiles/lottie-interactivity/-/lottie-interactivity-1.6.1.tgz",
      "integrity": "sha512-ZQE+1I5nqLPOWgsK0tEeG9RQDfBDBLu2WrWwz2c6+pOvgiYObRR2Z1+16suNStXkGbN5+vKYok8Bw7DZwffVRQ==",
      "requires": {
        "core-js": "3"
      }
    },
    "core-js": {
      "version": "3.26.0",
      "resolved": "https://registry.npmjs.org/core-js/-/core-js-3.26.0.tgz",
      "integrity": "sha512-+DkDrhoR4Y0PxDz6rurahuB+I45OsEUv8E1maPTB6OuHRohMMcznBq9TMpdpDMm/hUPob/mJJS3PqgbHpMTQgw=="
    }
  }
}
